
Microsoft Visual Studio Solution File, Format Version 12.00
# Visual Studio 14
VisualStudioVersion = 14.0.25420.1
MinimumVisualStudioVersion = 10.0.40219.1
Project("{8BB2217D-0F2D-49D1-97BC-3654ED321F3B}") = "CoreBackend", "CoreBackend\CoreBackend.xproj", "{DC1AE6A6-1DA6-4582-8220-6749B81E20A0}"
EndProject
Global
	GlobalSection(SolutionConfigurationPlatforms) = preSolution
		Debug|Any CPU = Debug|Any CPU
		Release|Any CPU = Release|Any CPU
	EndGlobalSection
	GlobalSection(ProjectConfigurationPlatforms) = postSolution
		{DC1AE6A6-1DA6-4582-8220-6749B81E20A0}.Debug|Any CPU.ActiveCfg = Debug|Any CPU
		{DC1AE6A6-1DA6-4582-8220-6749B81E20A0}.Debug|Any CPU.Build.0 = Debug|Any CPU
		{DC1AE6A6-1DA6-4582-8220-6749B81E20A0}.Release|Any CPU.ActiveCfg = Release|Any CPU
		{DC1AE6A6-1DA6-4582-8220-6749B81E20A0}.Release|Any CPU.Build.0 = Release|Any CPU
	EndGlobalSection
	GlobalSection(SolutionProperties) = preSolution
		HideSolutionNode = FALSE
	EndGlobalSection
EndGlobal
